// !$*UTF8*$!
{
	archiveVersion = 1;
	classes = {
	};
	objectVersion = 50;
	objects = {

/* Begin PBXBuildFile section */
		FD8985522313D26700B69737 /* AppDelegate.m in Sources */ = {isa = PBXBuildFile; fileRef = FD8985512313D26700B69737 /* AppDelegate.m */; };
		FD8985552313D26700B69737 /* ViewController.m in Sources */ = {isa = PBXBuildFile; fileRef = FD8985542313D26700B69737 /* ViewController.m */; };
		FD8985582313D26700B69737 /* Main.storyboard in Resources */ = {isa = PBXBuildFile; fileRef = FD8985562313D26700B69737 /* Main.storyboard */; };
		FD89855A2313D26B00B69737 /* Assets.xcassets in Resources */ = {isa = PBXBuildFile; fileRef = FD8985592313D26B00B69737 /* Assets.xcassets */; };
		FD89855D2313D26B00B69737 /* LaunchScreen.storyboard in Resources */ = {isa = PBXBuildFile; fileRef = FD89855B2313D26B00B69737 /* LaunchScreen.storyboard */; };
		FD8985602313D26B00B69737 /* main.m in Sources */ = {isa = PBXBuildFile; fileRef = FD89855F2313D26B00B69737 /* main.m */; };
		FD8985682313D35C00B69737 /* AVUtils.m in Sources */ = {isa = PBXBuildFile; fileRef = FD8985672313D35C00B69737 /* AVUtils.m */; };
/* End PBXBuildFile section */

/* Begin PBXFileReference section */
		FD89854D2313D26600B69737 /* Tricks.app */ = {isa = PBXFileReference; explicitFileType = wrapper.application; includeInIndex = 0; path = Tricks.app; sourceTree = BUILT_PRODUCTS_DIR; };
		FD8985502313D26700B69737 /* AppDelegate.h */ = {isa = PBXFileReference; lastKnownFileType = sourcecode.c.h; path = AppDelegate.h; sourceTree = "<group>"; };
		FD8985512313D26700B69737 /* AppDelegate.m */ = {isa = PBXFileReference; lastKnownFileType = sourcecode.c.objc; path = AppDelegate.m; sourceTree = "<group>"; };
		FD8985532313D26700B69737 /* ViewController.h */ = {isa = PBXFileReference; lastKnownFileType = sourcecode.c.h; path = ViewController.h; sourceTree = "<group>"; };
		FD8985542313D26700B69737 /* ViewController.m */ = {isa = PBXFileReference; lastKnownFileType = sourcecode.c.objc; path = ViewController.m; sourceTree = "<group>"; };
		FD8985572313D26700B69737 /* Base */ = {isa = PBXFileReference; lastKnownFileType = file.storyboard; name = Base; path = Base.lproj/Main.storyboard; sourceTree = "<group>"; };
		FD8985592313D26B00B69737 /* Assets.xcassets */ = {isa = PBXFileReference; lastKnownFileType = folder.assetcatalog; path = Assets.xcassets; sourceTree = "<group>"; };
		FD89855C2313D26B00B69737 /* Base */ = {isa = PBXFileReference; lastKnownFileType = file.storyboard; name = Base; path = Base.lproj/LaunchScreen.storyboard; sourceTree = "<group>"; };
		FD89855E2313D26B00B69737 /* Info.plist */ = {isa = PBXFileReference; lastKnownFileType = text.plist.xml; path = Info.plist; sourceTree = "<group>"; };
		FD89855F2313D26B00B69737 /* main.m */ = {isa = PBXFileReference; lastKnownFileType = sourcecode.c.objc; path = main.m; sourceTree = "<group>"; };
		FD8985662313D35C00B69737 /* AVUtils.h */ = {isa = PBXFileReference; lastKnownFileType = sourcecode.c.h; path = AVUtils.h; sourceTree = "<group>"; };
		FD8985672313D35C00B69737 /* AVUtils.m */ = {isa = PBXFileReference; lastKnownFileType = sourcecode.c.objc; path = AVUtils.m; sourceTree = "<group>"; };
/* End PBXFileReference section */

/* Begin PBXFrameworksBuildPhase section */
		FD89854A2313D26600B69737 /* Frameworks */ = {
			isa = PBXFrameworksBuildPhase;
			buildActionMask = 2147483647;
			files = (
			);
			runOnlyForDeploymentPostprocessing = 0;
		};
/* End PBXFrameworksBuildPhase section */

/* Begin PBXGroup section */
		FD8985442313D26600B69737 = {
			isa = PBXGroup;
			children = (
				FD89854F2313D26600B69737 /* Tricks */,
				FD89854E2313D26600B69737 /* Products */,
			);
			sourceTree = "<group>";
		};
		FD89854E2313D26600B69737 /* Products */ = {
			isa = PBXGroup;
			children = (
				FD89854D2313D26600B69737 /* Tricks.app */,
			);
			name = Products;
			sourceTree = "<group>";
		};
		FD89854F2313D26600B69737 /* Tricks */ = {
			isa = PBXGroup;
			children = (
				FD8985662313D35C00B69737 /* AVUtils.h */,
				FD8985672313D35C00B69737 /* AVUtils.m */,
				FD8985502313D26700B69737 /* AppDelegate.h */,
				FD8985512313D26700B69737 /* AppDelegate.m */,
				FD8985532313D26700B69737 /* ViewController.h */,
				FD8985542313D26700B69737 /* ViewController.m */,
				FD8985562313D26700B69737 /* Main.storyboard */,
				FD8985592313D26B00B69737 /* Assets.xcassets */,
				FD89855B2313D26B00B69737 /* LaunchScreen.storyboard */,
				FD89855E2313D26B00B69737 /* Info.plist */,
				FD89855F2313D26B00B69737 /* main.m */,
			);
			path = Tricks;
			sourceTree = "<group>";
		};
/* End PBXGroup section */

/* Begin PBXNativeTarget section */
		FD89854C2313D26600B69737 /* Tricks */ = {
			isa = PBXNativeTarget;
			buildConfigurationList = FD8985632313D26B00B69737 /* Build configuration list for PBXNativeTarget "Tricks" */;
			buildPhases = (
				FD8985492313D26600B69737 /* Sources */,
				FD89854A2313D26600B69737 /* Frameworks */,
				FD89854B2313D26600B69737 /* Resources */,
			);
			buildRules = (
			);
			dependencies = (
			);
			name = Tricks;
			productName = Tricks;
			productReference = FD89854D2313D26600B69737 /* Tricks.app */;
			productType = "com.apple.product-type.application";
		};
/* End PBXNativeTarget section */

/* Begin PBXProject section */
		FD8985452313D26600B69737 /* Project object */ = {
			isa = PBXProject;
			attributes = {
				LastUpgradeCheck = 1020;
				ORGANIZATIONNAME = AnatolyRyavkin;
				TargetAttributes = {
					FD89854C2313D26600B69737 = {
						CreatedOnToolsVersion = 10.2.1;
					};
				};
			};
			buildConfigurationList = FD8985482313D26600B69737 /* Build configuration list for PBXProject "Tricks" */;
			compatibilityVersion = "Xcode 9.3";
			developmentRegion = en;
			hasScannedForEncodings = 0;
			knownRegions = (
				en,
				Base,
			);
			mainGroup = FD8985442313D26600B69737;
			productRefGroup = FD89854E2313D26600B69737 /* Products */;
			projectDirPath = "";
			projectRoot = "";
			targets = (
				FD89854C2313D26600B69737 /* Tricks */,
			);
		};
/* End PBXProject section */

/* Begin PBXResourcesBuildPhase section */
		FD89854B2313D26600B69737 /* Resources */ = {
			isa = PBXResourcesBuildPhase;
			buildActionMask = 2147483647;
			files = (
				FD89855D2313D26B00B69737 /* LaunchScreen.storyboard in Resources */,
				FD89855A2313D26B00B69737 /* Assets.xcassets in Resources */,
				FD8985582313D26700B69737 /* Main.storyboard in Resources */,
			);
			runOnlyForDeploymentPostprocessing = 0;
		};
/* End PBXResourcesBuildPhase section */

/* Begin PBXSourcesBuildPhase section */
		FD8985492313D26600B69737 /* Sources */ = {
			isa = PBXSourcesBuildPhase;
			buildActionMask = 2147483647;
			files = (
				FD8985682313D35C00B69737 /* AVUtils.m in Sources */,
				FD8985552313D26700B69737 /* ViewController.m in Sources */,
				FD8985602313D26B00B69737 /* main.m in Sources */,
				FD8985522313D26700B69737 /* AppDelegate.m in Sources */,
			);
			runOnlyForDeploymentPostprocessing = 0;
		};
/* End PBXSourcesBuildPhase section */

/* Begin PBXVariantGroup section */
		FD8985562313D26700B69737 /* Main.storyboard */ = {
			isa = PBXVariantGroup;
			children = (
				FD8985572313D26700B69737 /* Base */,
			);
			name = Main.storyboard;
			sourceTree = "<group>";
		};
		FD89855B2313D26B00B69737 /* LaunchScreen.storyboard */ = {
			isa = PBXVariantGroup;
			children = (
				FD89855C2313D26B00B69737 /* Base */,
			);
			name = LaunchScreen.storyboard;
			sourceTree = "<group>";
		};
/* End PBXVariantGroup section */

/* Begin XCBuildConfiguration section */
		FD8985612313D26B00B69737 /* Debug */ = {
			isa = XCBuildConfiguration;
			buildSettings = {
				ALWAYS_SEARCH_USER_PATHS = NO;
				CLANG_ANALYZER_NONNULL = YES;
				CLANG_ANALYZER_NUMBER_OBJECT_CONVERSION = YES_AGGRESSIVE;
				CLANG_CXX_LANGUAGE_STANDARD = "gnu++14";
				CLANG_CXX_LIBRARY = "libc++";
				CLANG_ENABLE_MODULES = YES;
				CLANG_ENABLE_OBJC_ARC = YES;
				CLANG_ENABLE_OBJC_WEAK = YES;
				CLANG_WARN_BLOCK_CAPTURE_AUTORELEASING = YES;
				CLANG_WARN_BOOL_CONVERSION = YES;
				CLANG_WARN_COMMA = YES;
				CLANG_WARN_CONSTANT_CONVERSION = YES;
				CLANG_WARN_DEPRECATED_OBJC_IMPLEMENTATIONS = YES;
				CLANG_WARN_DIRECT_OBJC_ISA_USAGE = YES_ERROR;
				CLANG_WARN_DOCUMENTATION_COMMENTS = YES;
				CLANG_WARN_EMPTY_BODY = YES;
				CLANG_WARN_ENUM_CONVERSION = YES;
				CLANG_WARN_INFINITE_RECURSION = YES;
				CLANG_WARN_INT_CONVERSION = YES;
				CLANG_WARN_NON_LITERAL_NULL_CONVERSION = YES;
				CLANG_WARN_OBJC_IMPLICIT_RETAIN_SELF = YES;
				CLANG_WARN_OBJC_LITERAL_CONVERSION = YES;
				CLANG_WARN_OBJC_ROOT_CLASS = YES_ERROR;
				CLANG_WARN_RANGE_LOOP_ANALYSIS = YES;
				CLANG_WARN_STRICT_PROTOTYPES = YES;
				CLANG_WARN_SUSPICIOUS_MOVE = YES;
				CLANG_WARN_UNGUARDED_AVAILABILITY = YES_AGGRESSIVE;
				CLANG_WARN_UNREACHABLE_CODE = YES;
				CLANG_WARN__DUPLICATE_METHOD_MATCH = YES;
				CODE_SIGN_IDENTITY = "iPhone Developer";
				COPY_PHASE_STRIP = NO;
				DEBUG_INFORMATION_FORMAT = dwarf;
				ENABLE_STRICT_OBJC_MSGSEND = YES;
				ENABLE_TESTABILITY = YES;
				GCC_C_LANGUAGE_STANDARD = gnu11;
				GCC_DYNAMIC_NO_PIC = NO;
				GCC_NO_COMMON_BLOCKS = YES;
				GCC_OPTIMIZATION_LEVEL = 0;
				GCC_PREPROCESSOR_DEFINITIONS = (
					"DEBUG=1",
					"$(inherited)",
				);
				GCC_WARN_64_TO_32_BIT_CONVERSION = YES;
				GCC_WARN_ABOUT_RETURN_TYPE = YES_ERROR;
				GCC_WARN_UNDECLARED_SELECTOR = YES;
				GCC_WARN_UNINITIALIZED_AUTOS = YES_AGGRESSIVE;
				GCC_WARN_UNUSED_FUNCTION = YES;
				GCC_WARN_UNUSED_VARIABLE = YES;
				IPHONEOS_DEPLOYMENT_TARGET = 12.2;
				MTL_ENABLE_DEBUG_INFO = INCLUDE_SOURCE;
				MTL_FAST_MATH = YES;
				ONLY_ACTIVE_ARCH = YES;
				SDKROOT = iphoneos;
			};
			name = Debug;
		};
		FD8985622313D26B00B69737 /* Release */ = {
			isa = XCBuildConfiguration;
			buildSettings = {
				ALWAYS_SEARCH_USER_PATHS = NO;
				CLANG_ANALYZER_NONNULL = YES;
				CLANG_ANALYZER_NUMBER_OBJECT_CONVERSION = YES_AGGRESSIVE;
				CLANG_CXX_LANGUAGE_STANDARD = "gnu++14";
				CLANG_CXX_LIBRARY = "libc++";
				CLANG_ENABLE_MODULES = YES;
				CLANG_ENABLE_OBJC_ARC = YES;
				CLANG_ENABLE_OBJC_WEAK = YES;
				CLANG_WARN_BLOCK_CAPTURE_AUTORELEASING = YES;
				CLANG_WARN_BOOL_CONVERSION = YES;
				CLANG_WARN_COMMA = YES;
				CLANG_WARN_CONSTANT_CONVERSION = YES;
				CLANG_WARN_DEPRECATED_OBJC_IMPLEMENTATIONS = YES;
				CLANG_WARN_DIRECT_OBJC_ISA_USAGE = YES_ERROR;
				CLANG_WARN_DOCUMENTATION_COMMENTS = YES;
				CLANG_WARN_EMPTY_BODY = YES;
				CLANG_WARN_ENUM_CONVERSION = YES;
				CLANG_WARN_INFINITE_RECURSION = YES;
				CLANG_WARN_INT_CONVERSION = YES;
				CLANG_WARN_NON_LITERAL_NULL_CONVERSION = YES;
				CLANG_WARN_OBJC_IMPLICIT_RETAIN_SELF = YES;
				CLANG_WARN_OBJC_LITERAL_CONVERSION = YES;
				CLANG_WARN_OBJC_ROOT_CLASS = YES_ERROR;
				CLANG_WARN_RANGE_LOOP_ANALYSIS = YES;
				CLANG_WARN_STRICT_PROTOTYPES = YES;
				CLANG_WARN_SUSPICIOUS_MOVE = YES;
				CLANG_WARN_UNGUARDED_AVAILABILITY = YES_AGGRESSIVE;
				CLANG_WARN_UNREACHABLE_CODE = YES;
				CLANG_WARN__DUPLICATE_METHOD_MATCH = YES;
				CODE_SIGN_IDENTITY = "iPhone Developer";
				COPY_PHASE_STRIP = NO;
				DEBUG_INFORMATION_FORMAT = "dwarf-with-dsym";
				ENABLE_NS_ASSERTIONS = NO;
				ENABLE_STRICT_OBJC_MSGSEND = YES;
				GCC_C_LANGUAGE_STANDARD = gnu11;
				GCC_NO_COMMON_BLOCKS = YES;
				GCC_WARN_64_TO_32_BIT_CONVERSION = YES;
				GCC_WARN_ABOUT_RETURN_TYPE = YES_ERROR;
				GCC_WARN_UNDECLARED_SELECTOR = YES;
				GCC_WARN_UNINITIALIZED_AUTOS = YES_AGGRESSIVE;
				GCC_WARN_UNUSED_FUNCTION = YES;
				GCC_WARN_UNUSED_VARIABLE = YES;
				IPHONEOS_DEPLOYMENT_TARGET = 12.2;
				MTL_ENABLE_DEBUG_INFO = NO;
				MTL_FAST_MATH = YES;
				SDKROOT = iphoneos;
				VALIDATE_PRODUCT = YES;
			};
			name = Release;
		};
		FD8985642313D26B00B69737 /* Debug */ = {
			isa = XCBuildConfiguration;
			buildSettings = {
				ASSETCATALOG_COMPILER_APPICON_NAME = AppIcon;
				CODE_SIGN_STYLE = Automatic;
				DEVELOPMENT_TEAM = 92NKZ7998L;
				INFOPLIST_FILE = Tricks/Info.plist;
				LD_RUNPATH_SEARCH_PATHS = (
					"$(inherited)",
					"@executable_path/Frameworks",
				);
				PRODUCT_BUNDLE_IDENTIFIER = AnatatolyRyavkin.Tricks;
				PRODUCT_NAME = "$(TARGET_NAME)";
				TARGETED_DEVICE_FAMILY = "1,2";
			};
			name = Debug;
		};
		FD8985652313D26B00B69737 /* Release */ = {
			isa = XCBuildConfiguration;
			buildSettings = {
				ASSETCATALOG_COMPILER_APPICON_NAME = AppIcon;
				CODE_SIGN_STYLE = Automatic;
				DEVELOPMENT_TEAM = 92NKZ7998L;
				INFOPLIST_FILE = Tricks/Info.plist;
				LD_RUNPATH_SEARCH_PATHS = (
					"$(inherited)",
					"@executable_path/Frameworks",
				);
				PRODUCT_BUNDLE_IDENTIFIER = AnatatolyRyavkin.Tricks;
				PRODUCT_NAME = "$(TARGET_NAME)";
				TARGETED_DEVICE_FAMILY = "1,2";
			};
			name = Release;
		};
/* End XCBuildConfiguration section */

/* Begin XCConfigurationList section */
		FD8985482313D26600B69737 /* Build configuration list for PBXProject "Tricks" */ = {
			isa = XCConfigurationList;
			buildConfigurations = (
				FD8985612313D26B00B69737 /* Debug */,
				FD8985622313D26B00B69737 /* Release */,
			);
			defaultConfigurationIsVisible = 0;
			defaultConfigurationName = Release;
		};
		FD8985632313D26B00B69737 /* Build configuration list for PBXNativeTarget "Tricks" */ = {
			isa = XCConfigurationList;
			buildConfigurations = (
				FD8985642313D26B00B69737 /* Debug */,
				FD8985652313D26B00B69737 /* Release */,
			);
			defaultConfigurationIsVisible = 0;
			defaultConfigurationName = Release;
		};
/* End XCConfigurationList section */
	};
	rootObject = FD8985452313D26600B69737 /* Project object */;
}
